
Microsoft Visual Studio Solution File, Format Version 12.00
# Visual Studio Version 17
VisualStudioVersion = 17.7.34202.233
MinimumVisualStudioVersion = 10.0.40219.1
Project("{9A19103F-16F7-4668-BE54-9A1E7A4F7556}") = "HotelBooking", "webhotel\HotelBooking.csproj", "{9F5860FF-5DD8-414A-94CC-42C4F3F51D1A}"
EndProject
Project("{9A19103F-16F7-4668-BE54-9A1E7A4F7556}") = "HotelBooking.Entities", "HotelBooking.Entities\HotelBooking.Entities.csproj", "{E512D482-A2E7-4D90-AA81-4DAFDB2D8B0C}"
EndProject
Project("{9A19103F-16F7-4668-BE54-9A1E7A4F7556}") = "HotelBooking.DataAccess", "HotelBooking.DataAccess\HotelBooking.DataAccess.csproj", "{C2E56A49-1ED8-4912-935C-17E5B6AA9BC2}"
EndProject
Project("{FAE04EC0-301F-11D3-BF4B-00C04F79EFBC}") = "HotelBooking.Services", "HotelBooking.Services\HotelBooking.Services.csproj", "{2A44EF66-80BA-4764-93FA-D80FC11AD938}"
EndProject
Project("{FAE04EC0-301F-11D3-BF4B-00C04F79EFBC}") = "HotelBooking.Services.Contracts", "HotelBooking.Services.Contracts\HotelBooking.Services.Contracts.csproj", "{75AEBB71-554A-413B-9EB4-5ED6592CE025}"
EndProject
Project("{FAE04EC0-301F-11D3-BF4B-00C04F79EFBC}") = "HotelBooking.BookingDTO", "HotelBooking.BookingDTO\HotelBooking.BookingDTO.csproj", "{E18597BD-1513-41F7-A671-14DCA9C4EB44}"
EndProject
Global
	GlobalSection(SolutionConfigurationPlatforms) = preSolution
		Debug|Any CPU = Debug|Any CPU
		Release|Any CPU = Release|Any CPU
	EndGlobalSection
	GlobalSection(ProjectConfigurationPlatforms) = postSolution
		{9F5860FF-5DD8-414A-94CC-42C4F3F51D1A}.Debug|Any CPU.ActiveCfg = Debug|Any CPU
		{9F5860FF-5DD8-414A-94CC-42C4F3F51D1A}.Debug|Any CPU.Build.0 = Debug|Any CPU
		{9F5860FF-5DD8-414A-94CC-42C4F3F51D1A}.Release|Any CPU.ActiveCfg = Release|Any CPU
		{9F5860FF-5DD8-414A-94CC-42C4F3F51D1A}.Release|Any CPU.Build.0 = Release|Any CPU
		{E512D482-A2E7-4D90-AA81-4DAFDB2D8B0C}.Debug|Any CPU.ActiveCfg = Debug|Any CPU
		{E512D482-A2E7-4D90-AA81-4DAFDB2D8B0C}.Debug|Any CPU.Build.0 = Debug|Any CPU
		{E512D482-A2E7-4D90-AA81-4DAFDB2D8B0C}.Release|Any CPU.ActiveCfg = Release|Any CPU
		{E512D482-A2E7-4D90-AA81-4DAFDB2D8B0C}.Release|Any CPU.Build.0 = Release|Any CPU
		{C2E56A49-1ED8-4912-935C-17E5B6AA9BC2}.Debug|Any CPU.ActiveCfg = Debug|Any CPU
		{C2E56A49-1ED8-4912-935C-17E5B6AA9BC2}.Debug|Any CPU.Build.0 = Debug|Any CPU
		{C2E56A49-1ED8-4912-935C-17E5B6AA9BC2}.Release|Any CPU.ActiveCfg = Release|Any CPU
		{C2E56A49-1ED8-4912-935C-17E5B6AA9BC2}.Release|Any CPU.Build.0 = Release|Any CPU
		{2A44EF66-80BA-4764-93FA-D80FC11AD938}.Debug|Any CPU.ActiveCfg = Debug|Any CPU
		{2A44EF66-80BA-4764-93FA-D80FC11AD938}.Debug|Any CPU.Build.0 = Debug|Any CPU
		{2A44EF66-80BA-4764-93FA-D80FC11AD938}.Release|Any CPU.ActiveCfg = Release|Any CPU
		{2A44EF66-80BA-4764-93FA-D80FC11AD938}.Release|Any CPU.Build.0 = Release|Any CPU
		{75AEBB71-554A-413B-9EB4-5ED6592CE025}.Debug|Any CPU.ActiveCfg = Debug|Any CPU
		{75AEBB71-554A-413B-9EB4-5ED6592CE025}.Debug|Any CPU.Build.0 = Debug|Any CPU
		{75AEBB71-554A-413B-9EB4-5ED6592CE025}.Release|Any CPU.ActiveCfg = Release|Any CPU
		{75AEBB71-554A-413B-9EB4-5ED6592CE025}.Release|Any CPU.Build.0 = Release|Any CPU
		{E18597BD-1513-41F7-A671-14DCA9C4EB44}.Debug|Any CPU.ActiveCfg = Debug|Any CPU
		{E18597BD-1513-41F7-A671-14DCA9C4EB44}.Debug|Any CPU.Build.0 = Debug|Any CPU
		{E18597BD-1513-41F7-A671-14DCA9C4EB44}.Release|Any CPU.ActiveCfg = Release|Any CPU
		{E18597BD-1513-41F7-A671-14DCA9C4EB44}.Release|Any CPU.Build.0 = Release|Any CPU
	EndGlobalSection
	GlobalSection(SolutionProperties) = preSolution
		HideSolutionNode = FALSE
	EndGlobalSection
	GlobalSection(ExtensibilityGlobals) = postSolution
		SolutionGuid = {59B88A81-F980-4616-A866-3F57AE364386}
	EndGlobalSection
EndGlobal
